# This file is automatically @generated by Cargo.
# It is not intended for manual editing.
version = 4

[[package]]
name = "hickory-proto"
version = "0.0.0"

[[package]]
name = "styx-resolution"
version = "0.0.0"
dependencies = [
 "styx-testkit",
]

[[package]]
name = "styx-testkit"
version = "0.0.0"
dependencies = [
 "hickory-proto",
]
